// !$*UTF8*$!
{
	archiveVersion = 1;
	classes = {
	};
	objectVersion = 56;
	objects = {

/* Begin PBXBuildFile section */
		5C3F139D1E22022C67C74C32 /* Pods_CyberPilot.framework in Frameworks */ = {isa = PBXBuildFile; fileRef = 1762666A9678416263BA440C /* Pods_CyberPilot.framework */; };
		84062D382E13D9BA002560A1 /* VoiceService.swift in Sources */ = {isa = PBXBuildFile; fileRef = 84062D372E13D9BA002560A1 /* VoiceService.swift */; };
		84062D3A2E1512A9002560A1 /* VoiceCommand.swift in Sources */ = {isa = PBXBuildFile; fileRef = 84062D392E1512A9002560A1 /* VoiceCommand.swift */; };
		84062D3C2E151CB7002560A1 /* VoiceViewModel.swift in Sources */ = {isa = PBXBuildFile; fileRef = 84062D3B2E151CB7002560A1 /* VoiceViewModel.swift */; };
		84062D3E2E152899002560A1 /* VoiceControlButton.swift in Sources */ = {isa = PBXBuildFile; fileRef = 84062D3D2E152899002560A1 /* VoiceControlButton.swift */; };
		84062D402E1FE7B6002560A1 /* VoiceServiceState.swift in Sources */ = {isa = PBXBuildFile; fileRef = 84062D3F2E1FE7B6002560A1 /* VoiceServiceState.swift */; };
		8406345A2DD24054007E0E1F /* Yams in Frameworks */ = {isa = PBXBuildFile; productRef = 840634592DD24054007E0E1F /* Yams */; };
		840634602DD24CE1007E0E1F /* map.yaml in Resources */ = {isa = PBXBuildFile; fileRef = 8406345F2DD24CE1007E0E1F /* map.yaml */; };
		840634622DD4A9B1007E0E1F /* MapModels.swift in Sources */ = {isa = PBXBuildFile; fileRef = 840634612DD4A9B1007E0E1F /* MapModels.swift */; };
		840634642DD4B00E007E0E1F /* BluetoothModels.swift in Sources */ = {isa = PBXBuildFile; fileRef = 840634632DD4B00E007E0E1F /* BluetoothModels.swift */; };
		840634662DD4B071007E0E1F /* RegistrationStructs.swift in Sources */ = {isa = PBXBuildFile; fileRef = 840634652DD4B071007E0E1F /* RegistrationStructs.swift */; };
		8409CC6B2E015E3200DA0BFC /* MapZoneHandler.swift in Sources */ = {isa = PBXBuildFile; fileRef = 8409CC6A2E015E3200DA0BFC /* MapZoneHandler.swift */; };
		8409CC6D2E017CE100DA0BFC /* MapPointCalculator.swift in Sources */ = {isa = PBXBuildFile; fileRef = 8409CC6C2E017CE100DA0BFC /* MapPointCalculator.swift */; };
		8409CC732E0190B400DA0BFC /* BorderDrawingView.swift in Sources */ = {isa = PBXBuildFile; fileRef = 8409CC722E0190B400DA0BFC /* BorderDrawingView.swift */; };
		8409CC752E01937100DA0BFC /* MapGestureHandler.swift in Sources */ = {isa = PBXBuildFile; fileRef = 8409CC742E01937100DA0BFC /* MapGestureHandler.swift */; };
		8409CC772E019BC800DA0BFC /* ZonesOverlayView.swift in Sources */ = {isa = PBXBuildFile; fileRef = 8409CC762E019BC800DA0BFC /* ZonesOverlayView.swift */; };
		8409CC792E01A99900DA0BFC /* MapTouchHandler.swift in Sources */ = {isa = PBXBuildFile; fileRef = 8409CC782E01A99900DA0BFC /* MapTouchHandler.swift */; };
		8409CC7B2E02ABF700DA0BFC /* MapBorderDelete.swift in Sources */ = {isa = PBXBuildFile; fileRef = 8409CC7A2E02ABF700DA0BFC /* MapBorderDelete.swift */; };
		8409CC7D2E03023500DA0BFC /* DrawningPointsView.swift in Sources */ = {isa = PBXBuildFile; fileRef = 8409CC7C2E03023500DA0BFC /* DrawningPointsView.swift */; };
		8409CC7F2E03E28E00DA0BFC /* DeletePointView.swift in Sources */ = {isa = PBXBuildFile; fileRef = 8409CC7E2E03E28E00DA0BFC /* DeletePointView.swift */; };
		8409CC812E03E4F300DA0BFC /* DrawningDeletePoinView.swift in Sources */ = {isa = PBXBuildFile; fileRef = 8409CC802E03E4F300DA0BFC /* DrawningDeletePoinView.swift */; };
		8409CC862E0AB60700DA0BFC /* AppConfig.swift in Sources */ = {isa = PBXBuildFile; fileRef = 8409CC852E0AB60700DA0BFC /* AppConfig.swift */; };
		8409CC882E0D603500DA0BFC /* PerspectiveButton.swift in Sources */ = {isa = PBXBuildFile; fileRef = 8409CC872E0D603500DA0BFC /* PerspectiveButton.swift */; };
		8409CC8D2E0EC1F100DA0BFC /* Keychain.swift in Sources */ = {isa = PBXBuildFile; fileRef = 8409CC8C2E0EC1F100DA0BFC /* Keychain.swift */; };
		8409CC902E13CD0D00DA0BFC /* VoiceControlView.swift in Sources */ = {isa = PBXBuildFile; fileRef = 8409CC8F2E13CD0D00DA0BFC /* VoiceControlView.swift */; };
		842F8E172DE9B37F00A0B028 /* PinchZoomView.swift in Sources */ = {isa = PBXBuildFile; fileRef = 842F8E162DE9B37F00A0B028 /* PinchZoomView.swift */; };
		842F8E192DE9B6B600A0B028 /* TouchTracker.swift in Sources */ = {isa = PBXBuildFile; fileRef = 842F8E182DE9B6B600A0B028 /* TouchTracker.swift */; };
		8454CF872DF17DE400D8341F /* MapCanvasView.swift in Sources */ = {isa = PBXBuildFile; fileRef = 8454CF862DF17DE400D8341F /* MapCanvasView.swift */; };
		8454CF892DF17EEB00D8341F /* PointsView.swift in Sources */ = {isa = PBXBuildFile; fileRef = 8454CF882DF17EEB00D8341F /* PointsView.swift */; };
		846AA3E32DD627F30000FDFD /* TokenProtocol.swift in Sources */ = {isa = PBXBuildFile; fileRef = 846AA3E22DD627F30000FDFD /* TokenProtocol.swift */; };
		846AA3E52DD769E40000FDFD /* LineView.swift in Sources */ = {isa = PBXBuildFile; fileRef = 846AA3E42DD769E40000FDFD /* LineView.swift */; };
		846AA3EA2DD771B30000FDFD /* LineModels.swift in Sources */ = {isa = PBXBuildFile; fileRef = 846AA3E92DD771B30000FDFD /* LineModels.swift */; };
		846AA3EC2DD772D60000FDFD /* LineManager.swift in Sources */ = {isa = PBXBuildFile; fileRef = 846AA3EB2DD772D60000FDFD /* LineManager.swift */; };
		846AA3F52DDCABBA0000FDFD /* CloseButton.swift in Sources */ = {isa = PBXBuildFile; fileRef = 846AA3F42DDCABBA0000FDFD /* CloseButton.swift */; };
		846AA3FB2DDCB3DA0000FDFD /* TouchController.swift in Sources */ = {isa = PBXBuildFile; fileRef = 846AA3FA2DDCB3DA0000FDFD /* TouchController.swift */; };
		846AA3FD2DDCC4340000FDFD /* TouchIndicatorView.swift in Sources */ = {isa = PBXBuildFile; fileRef = 846AA3FC2DDCC4340000FDFD /* TouchIndicatorView.swift */; };
		846AA3FF2DDCC49C0000FDFD /* DirectionArrowView.swift in Sources */ = {isa = PBXBuildFile; fileRef = 846AA3FE2DDCC49C0000FDFD /* DirectionArrowView.swift */; };
		846AA4012DDCC4FF0000FDFD /* DirectionLabels.swift in Sources */ = {isa = PBXBuildFile; fileRef = 846AA4002DDCC4FF0000FDFD /* DirectionLabels.swift */; };
		846AA4042DDCCAFB0000FDFD /* TouchPadGestureView.swift in Sources */ = {isa = PBXBuildFile; fileRef = 846AA4032DDCCAFB0000FDFD /* TouchPadGestureView.swift */; };
		846AA40A2DDDE2C50000FDFD /* AppContainer.swift in Sources */ = {isa = PBXBuildFile; fileRef = 846AA4092DDDE2C50000FDFD /* AppContainer.swift */; };
		846AA40D2DDF1F180000FDFD /* CombinedTouchModifier.swift in Sources */ = {isa = PBXBuildFile; fileRef = 846AA40C2DDF1F180000FDFD /* CombinedTouchModifier.swift */; };
		846AA4112DE09B3D0000FDFD /* WebSocketStructs.swift in Sources */ = {isa = PBXBuildFile; fileRef = 846AA4102DE09B3D0000FDFD /* WebSocketStructs.swift */; };
		846AA41C2DE6009F0000FDFD /* GenericCacheManager.swift in Sources */ = {isa = PBXBuildFile; fileRef = 846AA41B2DE6009F0000FDFD /* GenericCacheManager.swift */; };
		846AA41F2DE6E5A40000FDFD /* SocketListener.swift in Sources */ = {isa = PBXBuildFile; fileRef = 846AA41E2DE6E5A40000FDFD /* SocketListener.swift */; };
		8480B6F62DA3C6D300BF884F /* CustomCaptchaView.swift in Sources */ = {isa = PBXBuildFile; fileRef = 8480B6F52DA3C6D300BF884F /* CustomCaptchaView.swift */; };
		8480B6F82DA407A000BF884F /* ConfirmationCodeView.swift in Sources */ = {isa = PBXBuildFile; fileRef = 8480B6F72DA407A000BF884F /* ConfirmationCodeView.swift */; };
		8480B6FC2DA6810F00BF884F /* UserRegistrationView.swift in Sources */ = {isa = PBXBuildFile; fileRef = 8480B6FB2DA6810F00BF884F /* UserRegistrationView.swift */; };
		8480B6FE2DA6830C00BF884F /* LoginManager.swift in Sources */ = {isa = PBXBuildFile; fileRef = 8480B6FD2DA6830C00BF884F /* LoginManager.swift */; };
		8480B7002DA6B29300BF884F /* FormField.swift in Sources */ = {isa = PBXBuildFile; fileRef = 8480B6FF2DA6B29300BF884F /* FormField.swift */; };
		8480B7052DA7AE0A00BF884F /* AllertManager.swift in Sources */ = {isa = PBXBuildFile; fileRef = 8480B7042DA7AE0A00BF884F /* AllertManager.swift */; };
		84AE144B2DA144C20094A792 /* CyberPilotApp.swift in Sources */ = {isa = PBXBuildFile; fileRef = 84AE144A2DA144C20094A792 /* CyberPilotApp.swift */; };
		84AE144D2DA144C20094A792 /* ContentView.swift in Sources */ = {isa = PBXBuildFile; fileRef = 84AE144C2DA144C20094A792 /* ContentView.swift */; };
		84AE144F2DA144C50094A792 /* Assets.xcassets in Resources */ = {isa = PBXBuildFile; fileRef = 84AE144E2DA144C50094A792 /* Assets.xcassets */; };
		84AE14522DA144C50094A792 /* Preview Assets.xcassets in Resources */ = {isa = PBXBuildFile; fileRef = 84AE14512DA144C50094A792 /* Preview Assets.xcassets */; };
		84AE14542DA144C50094A792 /* Persistence.swift in Sources */ = {isa = PBXBuildFile; fileRef = 84AE14532DA144C50094A792 /* Persistence.swift */; };
		84AE14572DA144C50094A792 /* CyberPilot.xcdatamodeld in Sources */ = {isa = PBXBuildFile; fileRef = 84AE14552DA144C50094A792 /* CyberPilot.xcdatamodeld */; };
		84AE14622DA1463E0094A792 /* CustomLogger.swift in Sources */ = {isa = PBXBuildFile; fileRef = 84AE14612DA1463E0094A792 /* CustomLogger.swift */; };
		84AE14652DA146AC0094A792 /* CommandSender.swift in Sources */ = {isa = PBXBuildFile; fileRef = 84AE14642DA146AC0094A792 /* CommandSender.swift */; };
		84AE14672DA146D10094A792 /* SocketController.swift in Sources */ = {isa = PBXBuildFile; fileRef = 84AE14662DA146D10094A792 /* SocketController.swift */; };
		84AE14692DA147020094A792 /* SocketManager.swift in Sources */ = {isa = PBXBuildFile; fileRef = 84AE14682DA147020094A792 /* SocketManager.swift */; };
		84AE146B2DA147230094A792 /* SocketView.swift in Sources */ = {isa = PBXBuildFile; fileRef = 84AE146A2DA147230094A792 /* SocketView.swift */; };
		84AE146E2DA147660094A792 /* BluetoothManager.swift in Sources */ = {isa = PBXBuildFile; fileRef = 84AE146D2DA147660094A792 /* BluetoothManager.swift */; };
		84AE14702DA147840094A792 /* BluetoothView.swift in Sources */ = {isa = PBXBuildFile; fileRef = 84AE146F2DA147840094A792 /* BluetoothView.swift */; };
		84AE14732DA147BA0094A792 /* LoginView.swift in Sources */ = {isa = PBXBuildFile; fileRef = 84AE14722DA147BA0094A792 /* LoginView.swift */; };
		84AE14752DA147D30094A792 /* PhoneView.swift in Sources */ = {isa = PBXBuildFile; fileRef = 84AE14742DA147D30094A792 /* PhoneView.swift */; };
		84AE14772DA147F40094A792 /* UserRegistrationManager.swift in Sources */ = {isa = PBXBuildFile; fileRef = 84AE14762DA147F40094A792 /* UserRegistrationManager.swift */; };
		84AE14792DA1480F0094A792 /* RegistrationFlowView.swift in Sources */ = {isa = PBXBuildFile; fileRef = 84AE14782DA1480F0094A792 /* RegistrationFlowView.swift */; };
		84AE147B2DA148590094A792 /* AuthService.swift in Sources */ = {isa = PBXBuildFile; fileRef = 84AE147A2DA148590094A792 /* AuthService.swift */; };
		84C9262F2DAFCC4F009B1FFA /* VideoView.swift in Sources */ = {isa = PBXBuildFile; fileRef = 84C9262E2DAFCC4F009B1FFA /* VideoView.swift */; };
		84E5F1962DB8CC9100D41A4F /* WebView.swift in Sources */ = {isa = PBXBuildFile; fileRef = 84E5F1952DB8CC9100D41A4F /* WebView.swift */; };
		84E5F1BF2DBEA5BE00D41A4F /* Perspective.swift in Sources */ = {isa = PBXBuildFile; fileRef = 84E5F1BE2DBEA5BE00D41A4F /* Perspective.swift */; };
		84E5F1C12DBEA5D600D41A4F /* RoadView.swift in Sources */ = {isa = PBXBuildFile; fileRef = 84E5F1C02DBEA5D600D41A4F /* RoadView.swift */; };
		84E5F1C52DCA186000D41A4F /* RobotSelectionView.swift in Sources */ = {isa = PBXBuildFile; fileRef = 84E5F1C42DCA186000D41A4F /* RobotSelectionView.swift */; };
		84E5F1CB2DCB774700D41A4F /* VideoStreamManager.swift in Sources */ = {isa = PBXBuildFile; fileRef = 84E5F1CA2DCB774600D41A4F /* VideoStreamManager.swift */; };
		84E5F1CD2DCB77E700D41A4F /* ErrorManager.swift in Sources */ = {isa = PBXBuildFile; fileRef = 84E5F1CC2DCB77E700D41A4F /* ErrorManager.swift */; };
		84E5F1CF2DCB781400D41A4F /* RobotListManager.swift in Sources */ = {isa = PBXBuildFile; fileRef = 84E5F1CE2DCB781400D41A4F /* RobotListManager.swift */; };
		84E5F1D12DCB787700D41A4F /* ConnectionManager.swift in Sources */ = {isa = PBXBuildFile; fileRef = 84E5F1D02DCB787700D41A4F /* ConnectionManager.swift */; };
		84E5F1D42DCB8A3800D41A4F /* MapManager.swift in Sources */ = {isa = PBXBuildFile; fileRef = 84E5F1D32DCB8A3700D41A4F /* MapManager.swift */; };
		84E5F1D62DCB8AAA00D41A4F /* MapView.swift in Sources */ = {isa = PBXBuildFile; fileRef = 84E5F1D52DCB8AAA00D41A4F /* MapView.swift */; };
		84EF32DB2DEF1E2E005F3FF6 /* MapButtonsView.swift in Sources */ = {isa = PBXBuildFile; fileRef = 84EF32DA2DEF1E2E005F3FF6 /* MapButtonsView.swift */; };
		84EF32DE2DF0350E005F3FF6 /* BorderLineView.swift in Sources */ = {isa = PBXBuildFile; fileRef = 84EF32DD2DF0350E005F3FF6 /* BorderLineView.swift */; };
		84EF32E02DF08E7D005F3FF6 /* BorderLine.swift in Sources */ = {isa = PBXBuildFile; fileRef = 84EF32DF2DF08E7D005F3FF6 /* BorderLine.swift */; };
/* End PBXBuildFile section */

/* Begin PBXFileReference section */
		1762666A9678416263BA440C /* Pods_CyberPilot.framework */ = {isa = PBXFileReference; explicitFileType = wrapper.framework; includeInIndex = 0; path = Pods_CyberPilot.framework; sourceTree = BUILT_PRODUCTS_DIR; };
		84062D372E13D9BA002560A1 /* VoiceService.swift */ = {isa = PBXFileReference; lastKnownFileType = sourcecode.swift; path = VoiceService.swift; sourceTree = "<group>"; };
		84062D392E1512A9002560A1 /* VoiceCommand.swift */ = {isa = PBXFileReference; lastKnownFileType = sourcecode.swift; path = VoiceCommand.swift; sourceTree = "<group>"; };
		84062D3B2E151CB7002560A1 /* VoiceViewModel.swift */ = {isa = PBXFileReference; lastKnownFileType = sourcecode.swift; path = VoiceViewModel.swift; sourceTree = "<group>"; };
		84062D3D2E152899002560A1 /* VoiceControlButton.swift */ = {isa = PBXFileReference; lastKnownFileType = sourcecode.swift; path = VoiceControlButton.swift; sourceTree = "<group>"; };
		84062D3F2E1FE7B6002560A1 /* VoiceServiceState.swift */ = {isa = PBXFileReference; lastKnownFileType = sourcecode.swift; path = VoiceServiceState.swift; sourceTree = "<group>"; };
		8406345F2DD24CE1007E0E1F /* map.yaml */ = {isa = PBXFileReference; fileEncoding = 4; lastKnownFileType = text.yaml; path = map.yaml; sourceTree = "<group>"; };
		840634612DD4A9B1007E0E1F /* MapModels.swift */ = {isa = PBXFileReference; lastKnownFileType = sourcecode.swift; path = MapModels.swift; sourceTree = "<group>"; };
		840634632DD4B00E007E0E1F /* BluetoothModels.swift */ = {isa = PBXFileReference; lastKnownFileType = sourcecode.swift; path = BluetoothModels.swift; sourceTree = "<group>"; };
		840634652DD4B071007E0E1F /* RegistrationStructs.swift */ = {isa = PBXFileReference; lastKnownFileType = sourcecode.swift; path = RegistrationStructs.swift; sourceTree = "<group>"; };
		8409CC6A2E015E3200DA0BFC /* MapZoneHandler.swift */ = {isa = PBXFileReference; lastKnownFileType = sourcecode.swift; path = MapZoneHandler.swift; sourceTree = "<group>"; };
		8409CC6C2E017CE100DA0BFC /* MapPointCalculator.swift */ = {isa = PBXFileReference; lastKnownFileType = sourcecode.swift; path = MapPointCalculator.swift; sourceTree = "<group>"; };
		8409CC722E0190B400DA0BFC /* BorderDrawingView.swift */ = {isa = PBXFileReference; lastKnownFileType = sourcecode.swift; path = BorderDrawingView.swift; sourceTree = "<group>"; };
		8409CC742E01937100DA0BFC /* MapGestureHandler.swift */ = {isa = PBXFileReference; lastKnownFileType = sourcecode.swift; path = MapGestureHandler.swift; sourceTree = "<group>"; };
		8409CC762E019BC800DA0BFC /* ZonesOverlayView.swift */ = {isa = PBXFileReference; lastKnownFileType = sourcecode.swift; path = ZonesOverlayView.swift; sourceTree = "<group>"; };
		8409CC782E01A99900DA0BFC /* MapTouchHandler.swift */ = {isa = PBXFileReference; lastKnownFileType = sourcecode.swift; path = MapTouchHandler.swift; sourceTree = "<group>"; };
		8409CC7A2E02ABF700DA0BFC /* MapBorderDelete.swift */ = {isa = PBXFileReference; lastKnownFileType = sourcecode.swift; path = MapBorderDelete.swift; sourceTree = "<group>"; };
		8409CC7C2E03023500DA0BFC /* DrawningPointsView.swift */ = {isa = PBXFileReference; lastKnownFileType = sourcecode.swift; path = DrawningPointsView.swift; sourceTree = "<group>"; };
		8409CC7E2E03E28E00DA0BFC /* DeletePointView.swift */ = {isa = PBXFileReference; lastKnownFileType = sourcecode.swift; path = DeletePointView.swift; sourceTree = "<group>"; };
		8409CC802E03E4F300DA0BFC /* DrawningDeletePoinView.swift */ = {isa = PBXFileReference; lastKnownFileType = sourcecode.swift; path = DrawningDeletePoinView.swift; sourceTree = "<group>"; };
		8409CC852E0AB60700DA0BFC /* AppConfig.swift */ = {isa = PBXFileReference; lastKnownFileType = sourcecode.swift; path = AppConfig.swift; sourceTree = "<group>"; };
		8409CC872E0D603500DA0BFC /* PerspectiveButton.swift */ = {isa = PBXFileReference; lastKnownFileType = sourcecode.swift; path = PerspectiveButton.swift; sourceTree = "<group>"; };
		8409CC8C2E0EC1F100DA0BFC /* Keychain.swift */ = {isa = PBXFileReference; lastKnownFileType = sourcecode.swift; path = Keychain.swift; sourceTree = "<group>"; };
		8409CC8F2E13CD0D00DA0BFC /* VoiceControlView.swift */ = {isa = PBXFileReference; lastKnownFileType = sourcecode.swift; path = VoiceControlView.swift; sourceTree = "<group>"; };
		842F8E162DE9B37F00A0B028 /* PinchZoomView.swift */ = {isa = PBXFileReference; lastKnownFileType = sourcecode.swift; path = PinchZoomView.swift; sourceTree = "<group>"; };
		842F8E182DE9B6B600A0B028 /* TouchTracker.swift */ = {isa = PBXFileReference; lastKnownFileType = sourcecode.swift; path = TouchTracker.swift; sourceTree = "<group>"; };
		8454CF862DF17DE400D8341F /* MapCanvasView.swift */ = {isa = PBXFileReference; lastKnownFileType = sourcecode.swift; path = MapCanvasView.swift; sourceTree = "<group>"; };
		8454CF882DF17EEB00D8341F /* PointsView.swift */ = {isa = PBXFileReference; lastKnownFileType = sourcecode.swift; path = PointsView.swift; sourceTree = "<group>"; };
		846AA3E22DD627F30000FDFD /* TokenProtocol.swift */ = {isa = PBXFileReference; lastKnownFileType = sourcecode.swift; path = TokenProtocol.swift; sourceTree = "<group>"; };
		846AA3E42DD769E40000FDFD /* LineView.swift */ = {isa = PBXFileReference; lastKnownFileType = sourcecode.swift; path = LineView.swift; sourceTree = "<group>"; };
		846AA3E92DD771B30000FDFD /* LineModels.swift */ = {isa = PBXFileReference; lastKnownFileType = sourcecode.swift; path = LineModels.swift; sourceTree = "<group>"; };
		846AA3EB2DD772D60000FDFD /* LineManager.swift */ = {isa = PBXFileReference; lastKnownFileType = sourcecode.swift; path = LineManager.swift; sourceTree = "<group>"; };
		846AA3F42DDCABBA0000FDFD /* CloseButton.swift */ = {isa = PBXFileReference; lastKnownFileType = sourcecode.swift; path = CloseButton.swift; sourceTree = "<group>"; };
		846AA3FA2DDCB3DA0000FDFD /* TouchController.swift */ = {isa = PBXFileReference; lastKnownFileType = sourcecode.swift; path = TouchController.swift; sourceTree = "<group>"; };
		846AA3FC2DDCC4340000FDFD /* TouchIndicatorView.swift */ = {isa = PBXFileReference; lastKnownFileType = sourcecode.swift; path = TouchIndicatorView.swift; sourceTree = "<group>"; };
		846AA3FE2DDCC49C0000FDFD /* DirectionArrowView.swift */ = {isa = PBXFileReference; lastKnownFileType = sourcecode.swift; path = DirectionArrowView.swift; sourceTree = "<group>"; };
		846AA4002DDCC4FF0000FDFD /* DirectionLabels.swift */ = {isa = PBXFileReference; lastKnownFileType = sourcecode.swift; path = DirectionLabels.swift; sourceTree = "<group>"; };
		846AA4032DDCCAFB0000FDFD /* TouchPadGestureView.swift */ = {isa = PBXFileReference; lastKnownFileType = sourcecode.swift; path = TouchPadGestureView.swift; sourceTree = "<group>"; };
		846AA4092DDDE2C50000FDFD /* AppContainer.swift */ = {isa = PBXFileReference; lastKnownFileType = sourcecode.swift; path = AppContainer.swift; sourceTree = "<group>"; };
		846AA40C2DDF1F180000FDFD /* CombinedTouchModifier.swift */ = {isa = PBXFileReference; lastKnownFileType = sourcecode.swift; path = CombinedTouchModifier.swift; sourceTree = "<group>"; };
		846AA4102DE09B3D0000FDFD /* WebSocketStructs.swift */ = {isa = PBXFileReference; lastKnownFileType = sourcecode.swift; path = WebSocketStructs.swift; sourceTree = "<group>"; };
		846AA41B2DE6009F0000FDFD /* GenericCacheManager.swift */ = {isa = PBXFileReference; lastKnownFileType = sourcecode.swift; path = GenericCacheManager.swift; sourceTree = "<group>"; };
		846AA41E2DE6E5A40000FDFD /* SocketListener.swift */ = {isa = PBXFileReference; lastKnownFileType = sourcecode.swift; path = SocketListener.swift; sourceTree = "<group>"; };
		8480B6F12DA17B9600BF884F /* Starscream.framework */ = {isa = PBXFileReference; explicitFileType = wrapper.framework; path = Starscream.framework; sourceTree = BUILT_PRODUCTS_DIR; };
		8480B6F52DA3C6D300BF884F /* CustomCaptchaView.swift */ = {isa = PBXFileReference; lastKnownFileType = sourcecode.swift; path = CustomCaptchaView.swift; sourceTree = "<group>"; };
		8480B6F72DA407A000BF884F /* ConfirmationCodeView.swift */ = {isa = PBXFileReference; lastKnownFileType = sourcecode.swift; path = ConfirmationCodeView.swift; sourceTree = "<group>"; };
		8480B6FB2DA6810F00BF884F /* UserRegistrationView.swift */ = {isa = PBXFileReference; lastKnownFileType = sourcecode.swift; path = UserRegistrationView.swift; sourceTree = "<group>"; };
		8480B6FD2DA6830C00BF884F /* LoginManager.swift */ = {isa = PBXFileReference; lastKnownFileType = sourcecode.swift; path = LoginManager.swift; sourceTree = "<group>"; };
		8480B6FF2DA6B29300BF884F /* FormField.swift */ = {isa = PBXFileReference; lastKnownFileType = sourcecode.swift; path = FormField.swift; sourceTree = "<group>"; };
		8480B7042DA7AE0A00BF884F /* AllertManager.swift */ = {isa = PBXFileReference; lastKnownFileType = sourcecode.swift; path = AllertManager.swift; sourceTree = "<group>"; };
		8480B7062DA94A9200BF884F /* Info.plist */ = {isa = PBXFileReference; lastKnownFileType = text.plist; path = Info.plist; sourceTree = "<group>"; };
		84AE14472DA144C20094A792 /* CyberPilot.app */ = {isa = PBXFileReference; explicitFileType = wrapper.application; includeInIndex = 0; path = CyberPilot.app; sourceTree = BUILT_PRODUCTS_DIR; };
		84AE144A2DA144C20094A792 /* CyberPilotApp.swift */ = {isa = PBXFileReference; lastKnownFileType = sourcecode.swift; path = CyberPilotApp.swift; sourceTree = "<group>"; };
		84AE144C2DA144C20094A792 /* ContentView.swift */ = {isa = PBXFileReference; lastKnownFileType = sourcecode.swift; path = ContentView.swift; sourceTree = "<group>"; };
		84AE144E2DA144C50094A792 /* Assets.xcassets */ = {isa = PBXFileReference; lastKnownFileType = folder.assetcatalog; path = Assets.xcassets; sourceTree = "<group>"; };
		84AE14512DA144C50094A792 /* Preview Assets.xcassets */ = {isa = PBXFileReference; lastKnownFileType = folder.assetcatalog; path = "Preview Assets.xcassets"; sourceTree = "<group>"; };
		84AE14532DA144C50094A792 /* Persistence.swift */ = {isa = PBXFileReference; lastKnownFileType = sourcecode.swift; path = Persistence.swift; sourceTree = "<group>"; };
		84AE14562DA144C50094A792 /* CyberPilot.xcdatamodel */ = {isa = PBXFileReference; lastKnownFileType = wrapper.xcdatamodel; path = CyberPilot.xcdatamodel; sourceTree = "<group>"; };
		84AE14612DA1463E0094A792 /* CustomLogger.swift */ = {isa = PBXFileReference; lastKnownFileType = sourcecode.swift; path = CustomLogger.swift; sourceTree = "<group>"; };
		84AE14642DA146AC0094A792 /* CommandSender.swift */ = {isa = PBXFileReference; lastKnownFileType = sourcecode.swift; path = CommandSender.swift; sourceTree = "<group>"; };
		84AE14662DA146D10094A792 /* SocketController.swift */ = {isa = PBXFileReference; lastKnownFileType = sourcecode.swift; path = SocketController.swift; sourceTree = "<group>"; };
		84AE14682DA147020094A792 /* SocketManager.swift */ = {isa = PBXFileReference; lastKnownFileType = sourcecode.swift; path = SocketManager.swift; sourceTree = "<group>"; };
		84AE146A2DA147230094A792 /* SocketView.swift */ = {isa = PBXFileReference; lastKnownFileType = sourcecode.swift; path = SocketView.swift; sourceTree = "<group>"; };
		84AE146D2DA147660094A792 /* BluetoothManager.swift */ = {isa = PBXFileReference; lastKnownFileType = sourcecode.swift; path = BluetoothManager.swift; sourceTree = "<group>"; };
		84AE146F2DA147840094A792 /* BluetoothView.swift */ = {isa = PBXFileReference; lastKnownFileType = sourcecode.swift; path = BluetoothView.swift; sourceTree = "<group>"; };
		84AE14722DA147BA0094A792 /* LoginView.swift */ = {isa = PBXFileReference; lastKnownFileType = sourcecode.swift; path = LoginView.swift; sourceTree = "<group>"; };
		84AE14742DA147D30094A792 /* PhoneView.swift */ = {isa = PBXFileReference; lastKnownFileType = sourcecode.swift; path = PhoneView.swift; sourceTree = "<group>"; };
		84AE14762DA147F40094A792 /* UserRegistrationManager.swift */ = {isa = PBXFileReference; lastKnownFileType = sourcecode.swift; path = UserRegistrationManager.swift; sourceTree = "<group>"; };
		84AE14782DA1480F0094A792 /* RegistrationFlowView.swift */ = {isa = PBXFileReference; lastKnownFileType = sourcecode.swift; path = RegistrationFlowView.swift; sourceTree = "<group>"; };
		84AE147A2DA148590094A792 /* AuthService.swift */ = {isa = PBXFileReference; lastKnownFileType = sourcecode.swift; path = AuthService.swift; sourceTree = "<group>"; };
		84C9262E2DAFCC4F009B1FFA /* VideoView.swift */ = {isa = PBXFileReference; lastKnownFileType = sourcecode.swift; path = VideoView.swift; sourceTree = "<group>"; };
		84E5F1952DB8CC9100D41A4F /* WebView.swift */ = {isa = PBXFileReference; lastKnownFileType = sourcecode.swift; path = WebView.swift; sourceTree = "<group>"; };
		84E5F1BE2DBEA5BE00D41A4F /* Perspective.swift */ = {isa = PBXFileReference; lastKnownFileType = sourcecode.swift; path = Perspective.swift; sourceTree = "<group>"; };
		84E5F1C02DBEA5D600D41A4F /* RoadView.swift */ = {isa = PBXFileReference; lastKnownFileType = sourcecode.swift; path = RoadView.swift; sourceTree = "<group>"; };
		84E5F1C42DCA186000D41A4F /* RobotSelectionView.swift */ = {isa = PBXFileReference; lastKnownFileType = sourcecode.swift; path = RobotSelectionView.swift; sourceTree = "<group>"; };
		84E5F1CA2DCB774600D41A4F /* VideoStreamManager.swift */ = {isa = PBXFileReference; lastKnownFileType = sourcecode.swift; path = VideoStreamManager.swift; sourceTree = "<group>"; };
		84E5F1CC2DCB77E700D41A4F /* ErrorManager.swift */ = {isa = PBXFileReference; lastKnownFileType = sourcecode.swift; path = ErrorManager.swift; sourceTree = "<group>"; };
		84E5F1CE2DCB781400D41A4F /* RobotListManager.swift */ = {isa = PBXFileReference; lastKnownFileType = sourcecode.swift; path = RobotListManager.swift; sourceTree = "<group>"; };
		84E5F1D02DCB787700D41A4F /* ConnectionManager.swift */ = {isa = PBXFileReference; lastKnownFileType = sourcecode.swift; path = ConnectionManager.swift; sourceTree = "<group>"; };
		84E5F1D32DCB8A3700D41A4F /* MapManager.swift */ = {isa = PBXFileReference; lastKnownFileType = sourcecode.swift; path = MapManager.swift; sourceTree = "<group>"; };
		84E5F1D52DCB8AAA00D41A4F /* MapView.swift */ = {isa = PBXFileReference; lastKnownFileType = sourcecode.swift; path = MapView.swift; sourceTree = "<group>"; };
		84EF32DA2DEF1E2E005F3FF6 /* MapButtonsView.swift */ = {isa = PBXFileReference; lastKnownFileType = sourcecode.swift; path = MapButtonsView.swift; sourceTree = "<group>"; };
		84EF32DD2DF0350E005F3FF6 /* BorderLineView.swift */ = {isa = PBXFileReference; lastKnownFileType = sourcecode.swift; path = BorderLineView.swift; sourceTree = "<group>"; };
		84EF32DF2DF08E7D005F3FF6 /* BorderLine.swift */ = {isa = PBXFileReference; lastKnownFileType = sourcecode.swift; path = BorderLine.swift; sourceTree = "<group>"; };
		9420E363036D9FED3EB51496 /* Pods-CyberPilot.debug.xcconfig */ = {isa = PBXFileReference; includeInIndex = 1; lastKnownFileType = text.xcconfig; name = "Pods-CyberPilot.debug.xcconfig"; path = "Target Support Files/Pods-CyberPilot/Pods-CyberPilot.debug.xcconfig"; sourceTree = "<group>"; };
		BB04517D95AED5E29A64CF80 /* Pods-CyberPilot.release.xcconfig */ = {isa = PBXFileReference; includeInIndex = 1; lastKnownFileType = text.xcconfig; name = "Pods-CyberPilot.release.xcconfig"; path = "Target Support Files/Pods-CyberPilot/Pods-CyberPilot.release.xcconfig"; sourceTree = "<group>"; };
/* End PBXFileReference section */

/* Begin PBXFrameworksBuildPhase section */
		84AE14442DA144C20094A792 /* Frameworks */ = {
			isa = PBXFrameworksBuildPhase;
			buildActionMask = 2147483647;
			files = (
				8406345A2DD24054007E0E1F /* Yams in Frameworks */,
				5C3F139D1E22022C67C74C32 /* Pods_CyberPilot.framework in Frameworks */,
			);
			runOnlyForDeploymentPostprocessing = 0;
		};
/* End PBXFrameworksBuildPhase section */

/* Begin PBXGroup section */
		0143C1C66013DADEDD886242 /* Frameworks */ = {
			isa = PBXGroup;
			children = (
				8480B6F12DA17B9600BF884F /* Starscream.framework */,
				1762666A9678416263BA440C /* Pods_CyberPilot.framework */,
			);
			name = Frameworks;
			sourceTree = "<group>";
		};
		30B7408EA527F92D8D5F9A2B /* Pods */ = {
			isa = PBXGroup;
			children = (
				9420E363036D9FED3EB51496 /* Pods-CyberPilot.debug.xcconfig */,
				BB04517D95AED5E29A64CF80 /* Pods-CyberPilot.release.xcconfig */,
			);
			path = Pods;
			sourceTree = "<group>";
		};
		8409CC842E0AB5A600DA0BFC /* Config */ = {
			isa = PBXGroup;
			children = (
				8409CC852E0AB60700DA0BFC /* AppConfig.swift */,
			);
			path = Config;
			sourceTree = "<group>";
		};
		8409CC8B2E0EC1C500DA0BFC /* KeyChain */ = {
			isa = PBXGroup;
			children = (
				8409CC8C2E0EC1F100DA0BFC /* Keychain.swift */,
			);
			path = KeyChain;
			sourceTree = "<group>";
		};
		8409CC8E2E13CCE700DA0BFC /* VoiceControl */ = {
			isa = PBXGroup;
			children = (
				8409CC8F2E13CD0D00DA0BFC /* VoiceControlView.swift */,
				84062D3D2E152899002560A1 /* VoiceControlButton.swift */,
				84062D372E13D9BA002560A1 /* VoiceService.swift */,
				84062D392E1512A9002560A1 /* VoiceCommand.swift */,
				84062D3B2E151CB7002560A1 /* VoiceViewModel.swift */,
				84062D3F2E1FE7B6002560A1 /* VoiceServiceState.swift */,
			);
			path = VoiceControl;
			sourceTree = "<group>";
		};
		846AA3E62DD76E8C0000FDFD /* Line */ = {
			isa = PBXGroup;
			children = (
				846AA3E42DD769E40000FDFD /* LineView.swift */,
				846AA3E92DD771B30000FDFD /* LineModels.swift */,
				846AA3EB2DD772D60000FDFD /* LineManager.swift */,
			);
			path = Line;
			sourceTree = "<group>";
		};
		846AA4022DDCC7A50000FDFD /* TouchPad */ = {
			isa = PBXGroup;
			children = (
				846AA3FA2DDCB3DA0000FDFD /* TouchController.swift */,
				846AA4032DDCCAFB0000FDFD /* TouchPadGestureView.swift */,
			);
			path = TouchPad;
			sourceTree = "<group>";
		};
		846AA40B2DDF1EF00000FDFD /* ZoomAndTouch */ = {
			isa = PBXGroup;
			children = (
				846AA40C2DDF1F180000FDFD /* CombinedTouchModifier.swift */,
				842F8E162DE9B37F00A0B028 /* PinchZoomView.swift */,
				842F8E182DE9B6B600A0B028 /* TouchTracker.swift */,
			);
			path = ZoomAndTouch;
			sourceTree = "<group>";
		};
		846AA41A2DE600870000FDFD /* Cache */ = {
			isa = PBXGroup;
			children = (
				846AA41B2DE6009F0000FDFD /* GenericCacheManager.swift */,
			);
			path = Cache;
			sourceTree = "<group>";
		};
		846AA41D2DE6E55E0000FDFD /* SocketListener */ = {
			isa = PBXGroup;
			children = (
				846AA41E2DE6E5A40000FDFD /* SocketListener.swift */,
			);
			path = SocketListener;
			sourceTree = "<group>";
		};
		846AA4622DE7493D0000FDFD /* TouchIndicator */ = {
			isa = PBXGroup;
			children = (
				846AA3FC2DDCC4340000FDFD /* TouchIndicatorView.swift */,
				846AA4002DDCC4FF0000FDFD /* DirectionLabels.swift */,
				846AA3FE2DDCC49C0000FDFD /* DirectionArrowView.swift */,
			);
			path = TouchIndicator;
			sourceTree = "<group>";
		};
		8480B7032DA6B74700BF884F /* UserMessage */ = {
			isa = PBXGroup;
			children = (
				8480B7042DA7AE0A00BF884F /* AllertManager.swift */,
			);
			path = UserMessage;
			sourceTree = "<group>";
		};
		84AA3BC22DEF0BEB000E120F /* App */ = {
			isa = PBXGroup;
			children = (
				84AE147A2DA148590094A792 /* AuthService.swift */,
				846AA4092DDDE2C50000FDFD /* AppContainer.swift */,
				84AE144A2DA144C20094A792 /* CyberPilotApp.swift */,
			);
			path = App;
			sourceTree = "<group>";
		};
		84AE143E2DA144C20094A792 = {
			isa = PBXGroup;
			children = (
				84AE14492DA144C20094A792 /* CyberPilot */,
				84AE14482DA144C20094A792 /* Products */,
				30B7408EA527F92D8D5F9A2B /* Pods */,
				0143C1C66013DADEDD886242 /* Frameworks */,
			);
			sourceTree = "<group>";
		};
		84AE14482DA144C20094A792 /* Products */ = {
			isa = PBXGroup;
			children = (
				84AE14472DA144C20094A792 /* CyberPilot.app */,
			);
			name = Products;
			sourceTree = "<group>";
		};
		84AE14492DA144C20094A792 /* CyberPilot */ = {
			isa = PBXGroup;
			children = (
				8409CC8E2E13CCE700DA0BFC /* VoiceControl */,
				8409CC8B2E0EC1C500DA0BFC /* KeyChain */,
				8409CC842E0AB5A600DA0BFC /* Config */,
				84EF32DC2DF034F0005F3FF6 /* BorderLine */,
				84AA3BC22DEF0BEB000E120F /* App */,
				846AA4622DE7493D0000FDFD /* TouchIndicator */,
				846AA41D2DE6E55E0000FDFD /* SocketListener */,
				846AA41A2DE600870000FDFD /* Cache */,
				846AA40B2DDF1EF00000FDFD /* ZoomAndTouch */,
				846AA4022DDCC7A50000FDFD /* TouchPad */,
				846AA3E62DD76E8C0000FDFD /* Line */,
				84E5F1D22DCB8A0A00D41A4F /* Map */,
				84E5F1BD2DBEA5A200D41A4F /* Perspective */,
				8480B7062DA94A9200BF884F /* Info.plist */,
				8480B7032DA6B74700BF884F /* UserMessage */,
				84AE14712DA1479C0094A792 /* Registration */,
				84AE146C2DA1473C0094A792 /* Bluetooth */,
				84AE14632DA146810094A792 /* WebSocket */,
				84AE14602DA146050094A792 /* Logger */,
				84AE145D2DA145A70094A792 /* Video */,
				84AE144C2DA144C20094A792 /* ContentView.swift */,
				84AE144E2DA144C50094A792 /* Assets.xcassets */,
				84AE14532DA144C50094A792 /* Persistence.swift */,
				84AE14552DA144C50094A792 /* CyberPilot.xcdatamodeld */,
				84AE14502DA144C50094A792 /* Preview Content */,
			);
			path = CyberPilot;
			sourceTree = "<group>";
		};
		84AE14502DA144C50094A792 /* Preview Content */ = {
			isa = PBXGroup;
			children = (
				84AE14512DA144C50094A792 /* Preview Assets.xcassets */,
			);
			path = "Preview Content";
			sourceTree = "<group>";
		};
		84AE145D2DA145A70094A792 /* Video */ = {
			isa = PBXGroup;
			children = (
				84C9262E2DAFCC4F009B1FFA /* VideoView.swift */,
				84E5F1952DB8CC9100D41A4F /* WebView.swift */,
				846AA3F42DDCABBA0000FDFD /* CloseButton.swift */,
				8409CC872E0D603500DA0BFC /* PerspectiveButton.swift */,
			);
			path = Video;
			sourceTree = "<group>";
		};
		84AE14602DA146050094A792 /* Logger */ = {
			isa = PBXGroup;
			children = (
				84AE14612DA1463E0094A792 /* CustomLogger.swift */,
			);
			path = Logger;
			sourceTree = "<group>";
		};
		84AE14632DA146810094A792 /* WebSocket */ = {
			isa = PBXGroup;
			children = (
				84AE14642DA146AC0094A792 /* CommandSender.swift */,
				84AE14682DA147020094A792 /* SocketManager.swift */,
				84AE14662DA146D10094A792 /* SocketController.swift */,
				84AE146A2DA147230094A792 /* SocketView.swift */,
				84E5F1C42DCA186000D41A4F /* RobotSelectionView.swift */,
				84E5F1CA2DCB774600D41A4F /* VideoStreamManager.swift */,
				84E5F1CC2DCB77E700D41A4F /* ErrorManager.swift */,
				84E5F1CE2DCB781400D41A4F /* RobotListManager.swift */,
				84E5F1D02DCB787700D41A4F /* ConnectionManager.swift */,
				846AA3E22DD627F30000FDFD /* TokenProtocol.swift */,
				846AA4102DE09B3D0000FDFD /* WebSocketStructs.swift */,
			);
			path = WebSocket;
			sourceTree = "<group>";
		};
		84AE146C2DA1473C0094A792 /* Bluetooth */ = {
			isa = PBXGroup;
			children = (
				84AE146D2DA147660094A792 /* BluetoothManager.swift */,
				84AE146F2DA147840094A792 /* BluetoothView.swift */,
				840634632DD4B00E007E0E1F /* BluetoothModels.swift */,
			);
			path = Bluetooth;
			sourceTree = "<group>";
		};
		84AE14712DA1479C0094A792 /* Registration */ = {
			isa = PBXGroup;
			children = (
				84AE14722DA147BA0094A792 /* LoginView.swift */,
				84AE14742DA147D30094A792 /* PhoneView.swift */,
				84AE14762DA147F40094A792 /* UserRegistrationManager.swift */,
				84AE14782DA1480F0094A792 /* RegistrationFlowView.swift */,
				8480B6F52DA3C6D300BF884F /* CustomCaptchaView.swift */,
				8480B6F72DA407A000BF884F /* ConfirmationCodeView.swift */,
				8480B6FB2DA6810F00BF884F /* UserRegistrationView.swift */,
				8480B6FD2DA6830C00BF884F /* LoginManager.swift */,
				8480B6FF2DA6B29300BF884F /* FormField.swift */,
				840634652DD4B071007E0E1F /* RegistrationStructs.swift */,
			);
			path = Registration;
			sourceTree = "<group>";
		};
		84E5F1BD2DBEA5A200D41A4F /* Perspective */ = {
			isa = PBXGroup;
			children = (
				84E5F1BE2DBEA5BE00D41A4F /* Perspective.swift */,
				84E5F1C02DBEA5D600D41A4F /* RoadView.swift */,
			);
			path = Perspective;
			sourceTree = "<group>";
		};
		84E5F1D22DCB8A0A00D41A4F /* Map */ = {
			isa = PBXGroup;
			children = (
				84E5F1D32DCB8A3700D41A4F /* MapManager.swift */,
				8406345F2DD24CE1007E0E1F /* map.yaml */,
				84E5F1D52DCB8AAA00D41A4F /* MapView.swift */,
				840634612DD4A9B1007E0E1F /* MapModels.swift */,
				84EF32DA2DEF1E2E005F3FF6 /* MapButtonsView.swift */,
				8454CF862DF17DE400D8341F /* MapCanvasView.swift */,
				8409CC6A2E015E3200DA0BFC /* MapZoneHandler.swift */,
				8409CC6C2E017CE100DA0BFC /* MapPointCalculator.swift */,
				8409CC742E01937100DA0BFC /* MapGestureHandler.swift */,
				8409CC782E01A99900DA0BFC /* MapTouchHandler.swift */,
				8409CC762E019BC800DA0BFC /* ZonesOverlayView.swift */,
				8409CC7A2E02ABF700DA0BFC /* MapBorderDelete.swift */,
			);
			path = Map;
			sourceTree = "<group>";
		};
		84EF32DC2DF034F0005F3FF6 /* BorderLine */ = {
			isa = PBXGroup;
			children = (
				84EF32DD2DF0350E005F3FF6 /* BorderLineView.swift */,
				8409CC722E0190B400DA0BFC /* BorderDrawingView.swift */,
				84EF32DF2DF08E7D005F3FF6 /* BorderLine.swift */,
				8454CF882DF17EEB00D8341F /* PointsView.swift */,
				8409CC7C2E03023500DA0BFC /* DrawningPointsView.swift */,
				8409CC7E2E03E28E00DA0BFC /* DeletePointView.swift */,
				8409CC802E03E4F300DA0BFC /* DrawningDeletePoinView.swift */,
			);
			path = BorderLine;
			sourceTree = "<group>";
		};
/* End PBXGroup section */

/* Begin PBXNativeTarget section */
		84AE14462DA144C20094A792 /* CyberPilot */ = {
			isa = PBXNativeTarget;
			buildConfigurationList = 84AE145A2DA144C50094A792 /* Build configuration list for PBXNativeTarget "CyberPilot" */;
			buildPhases = (
				C26EB89076D58771606E2416 /* [CP] Check Pods Manifest.lock */,
				84AE14432DA144C20094A792 /* Sources */,
				84AE14442DA144C20094A792 /* Frameworks */,
				84AE14452DA144C20094A792 /* Resources */,
				09F5B0BF7F61A47B6C63A465 /* [CP] Embed Pods Frameworks */,
			);
			buildRules = (
			);
			dependencies = (
			);
			name = CyberPilot;
			packageProductDependencies = (
				840634592DD24054007E0E1F /* Yams */,
			);
			productName = CyberPilot;
			productReference = 84AE14472DA144C20094A792 /* CyberPilot.app */;
			productType = "com.apple.product-type.application";
		};
/* End PBXNativeTarget section */

/* Begin PBXProject section */
		84AE143F2DA144C20094A792 /* Project object */ = {
			isa = PBXProject;
			attributes = {
				BuildIndependentTargetsInParallel = 1;
				LastSwiftUpdateCheck = 1520;
				LastUpgradeCheck = 1520;
				TargetAttributes = {
					84AE14462DA144C20094A792 = {
						CreatedOnToolsVersion = 15.2;
					};
				};
			};
			buildConfigurationList = 84AE14422DA144C20094A792 /* Build configuration list for PBXProject "CyberPilot" */;
			compatibilityVersion = "Xcode 14.0";
			developmentRegion = en;
			hasScannedForEncodings = 0;
			knownRegions = (
				en,
				Base,
			);
			mainGroup = 84AE143E2DA144C20094A792;
			packageReferences = (
				840634582DD24054007E0E1F /* XCRemoteSwiftPackageReference "Yams" */,
			);
			productRefGroup = 84AE14482DA144C20094A792 /* Products */;
			projectDirPath = "";
			projectRoot = "";
			targets = (
				84AE14462DA144C20094A792 /* CyberPilot */,
			);
		};
/* End PBXProject section */

/* Begin PBXResourcesBuildPhase section */
		84AE14452DA144C20094A792 /* Resources */ = {
			isa = PBXResourcesBuildPhase;
			buildActionMask = 2147483647;
			files = (
				84AE14522DA144C50094A792 /* Preview Assets.xcassets in Resources */,
				84AE144F2DA144C50094A792 /* Assets.xcassets in Resources */,
				840634602DD24CE1007E0E1F /* map.yaml in Resources */,
			);
			runOnlyForDeploymentPostprocessing = 0;
		};
/* End PBXResourcesBuildPhase section */

/* Begin PBXShellScriptBuildPhase section */
		09F5B0BF7F61A47B6C63A465 /* [CP] Embed Pods Frameworks */ = {
			isa = PBXShellScriptBuildPhase;
			buildActionMask = 2147483647;
			files = (
			);
			inputFileListPaths = (
				"${PODS_ROOT}/Target Support Files/Pods-CyberPilot/Pods-CyberPilot-frameworks-${CONFIGURATION}-input-files.xcfilelist",
			);
			name = "[CP] Embed Pods Frameworks";
			outputFileListPaths = (
				"${PODS_ROOT}/Target Support Files/Pods-CyberPilot/Pods-CyberPilot-frameworks-${CONFIGURATION}-output-files.xcfilelist",
			);
			runOnlyForDeploymentPostprocessing = 0;
			shellPath = /bin/sh;
			shellScript = "\"${PODS_ROOT}/Target Support Files/Pods-CyberPilot/Pods-CyberPilot-frameworks.sh\"\n";
			showEnvVarsInLog = 0;
		};
		C26EB89076D58771606E2416 /* [CP] Check Pods Manifest.lock */ = {
			isa = PBXShellScriptBuildPhase;
			buildActionMask = 2147483647;
			files = (
			);
			inputFileListPaths = (
			);
			inputPaths = (
				"${PODS_PODFILE_DIR_PATH}/Podfile.lock",
				"${PODS_ROOT}/Manifest.lock",
			);
			name = "[CP] Check Pods Manifest.lock";
			outputFileListPaths = (
			);
			outputPaths = (
				"$(DERIVED_FILE_DIR)/Pods-CyberPilot-checkManifestLockResult.txt",
			);
			runOnlyForDeploymentPostprocessing = 0;
			shellPath = /bin/sh;
			shellScript = "diff \"${PODS_PODFILE_DIR_PATH}/Podfile.lock\" \"${PODS_ROOT}/Manifest.lock\" > /dev/null\nif [ $? != 0 ] ; then\n    # print error to STDERR\n    echo \"error: The sandbox is not in sync with the Podfile.lock. Run 'pod install' or update your CocoaPods installation.\" >&2\n    exit 1\nfi\n# This output is used by Xcode 'outputs' to avoid re-running this script phase.\necho \"SUCCESS\" > \"${SCRIPT_OUTPUT_FILE_0}\"\n";
			showEnvVarsInLog = 0;
		};
/* End PBXShellScriptBuildPhase section */

/* Begin PBXSourcesBuildPhase section */
		84AE14432DA144C20094A792 /* Sources */ = {
			isa = PBXSourcesBuildPhase;
			buildActionMask = 2147483647;
			files = (
				842F8E172DE9B37F00A0B028 /* PinchZoomView.swift in Sources */,
				8480B7052DA7AE0A00BF884F /* AllertManager.swift in Sources */,
				84AE14772DA147F40094A792 /* UserRegistrationManager.swift in Sources */,
				8480B7002DA6B29300BF884F /* FormField.swift in Sources */,
				84AE14792DA1480F0094A792 /* RegistrationFlowView.swift in Sources */,
				846AA3E32DD627F30000FDFD /* TokenProtocol.swift in Sources */,
				84AE14572DA144C50094A792 /* CyberPilot.xcdatamodeld in Sources */,
				846AA3EC2DD772D60000FDFD /* LineManager.swift in Sources */,
				84E5F1C52DCA186000D41A4F /* RobotSelectionView.swift in Sources */,
				8409CC862E0AB60700DA0BFC /* AppConfig.swift in Sources */,
				846AA3E52DD769E40000FDFD /* LineView.swift in Sources */,
				846AA3FD2DDCC4340000FDFD /* TouchIndicatorView.swift in Sources */,
				846AA41C2DE6009F0000FDFD /* GenericCacheManager.swift in Sources */,
				84AE146B2DA147230094A792 /* SocketView.swift in Sources */,
				8409CC6D2E017CE100DA0BFC /* MapPointCalculator.swift in Sources */,
				84AE147B2DA148590094A792 /* AuthService.swift in Sources */,
				8409CC8D2E0EC1F100DA0BFC /* Keychain.swift in Sources */,
				8409CC792E01A99900DA0BFC /* MapTouchHandler.swift in Sources */,
				84AE14752DA147D30094A792 /* PhoneView.swift in Sources */,
				846AA41F2DE6E5A40000FDFD /* SocketListener.swift in Sources */,
				84E5F1D62DCB8AAA00D41A4F /* MapView.swift in Sources */,
				84062D3C2E151CB7002560A1 /* VoiceViewModel.swift in Sources */,
				84EF32E02DF08E7D005F3FF6 /* BorderLine.swift in Sources */,
				846AA4112DE09B3D0000FDFD /* WebSocketStructs.swift in Sources */,
				842F8E192DE9B6B600A0B028 /* TouchTracker.swift in Sources */,
				8409CC752E01937100DA0BFC /* MapGestureHandler.swift in Sources */,
				846AA4042DDCCAFB0000FDFD /* TouchPadGestureView.swift in Sources */,
				8454CF872DF17DE400D8341F /* MapCanvasView.swift in Sources */,
				8480B6FE2DA6830C00BF884F /* LoginManager.swift in Sources */,
				846AA40A2DDDE2C50000FDFD /* AppContainer.swift in Sources */,
				84AE14622DA1463E0094A792 /* CustomLogger.swift in Sources */,
				846AA3FB2DDCB3DA0000FDFD /* TouchController.swift in Sources */,
				8409CC7B2E02ABF700DA0BFC /* MapBorderDelete.swift in Sources */,
				846AA40D2DDF1F180000FDFD /* CombinedTouchModifier.swift in Sources */,
				84AE14542DA144C50094A792 /* Persistence.swift in Sources */,
				84E5F1962DB8CC9100D41A4F /* WebView.swift in Sources */,
				84E5F1CF2DCB781400D41A4F /* RobotListManager.swift in Sources */,
				8409CC7F2E03E28E00DA0BFC /* DeletePointView.swift in Sources */,
				8480B6F62DA3C6D300BF884F /* CustomCaptchaView.swift in Sources */,
				84E5F1D42DCB8A3800D41A4F /* MapManager.swift in Sources */,
				84AE14652DA146AC0094A792 /* CommandSender.swift in Sources */,
				8480B6F82DA407A000BF884F /* ConfirmationCodeView.swift in Sources */,
				84062D402E1FE7B6002560A1 /* VoiceServiceState.swift in Sources */,
				8409CC882E0D603500DA0BFC /* PerspectiveButton.swift in Sources */,
				8409CC772E019BC800DA0BFC /* ZonesOverlayView.swift in Sources */,
				8409CC7D2E03023500DA0BFC /* DrawningPointsView.swift in Sources */,
				8409CC6B2E015E3200DA0BFC /* MapZoneHandler.swift in Sources */,
				84062D3E2E152899002560A1 /* VoiceControlButton.swift in Sources */,
				84AE144D2DA144C20094A792 /* ContentView.swift in Sources */,
				84062D3A2E1512A9002560A1 /* VoiceCommand.swift in Sources */,
				84C9262F2DAFCC4F009B1FFA /* VideoView.swift in Sources */,
				84AE14702DA147840094A792 /* BluetoothView.swift in Sources */,
				8409CC732E0190B400DA0BFC /* BorderDrawingView.swift in Sources */,
				8480B6FC2DA6810F00BF884F /* UserRegistrationView.swift in Sources */,
				840634622DD4A9B1007E0E1F /* MapModels.swift in Sources */,
				8409CC902E13CD0D00DA0BFC /* VoiceControlView.swift in Sources */,
				84EF32DE2DF0350E005F3FF6 /* BorderLineView.swift in Sources */,
				84AE146E2DA147660094A792 /* BluetoothManager.swift in Sources */,
				84AE14672DA146D10094A792 /* SocketController.swift in Sources */,
				84062D382E13D9BA002560A1 /* VoiceService.swift in Sources */,
				84AE14732DA147BA0094A792 /* LoginView.swift in Sources */,
				84E5F1CB2DCB774700D41A4F /* VideoStreamManager.swift in Sources */,
				840634642DD4B00E007E0E1F /* BluetoothModels.swift in Sources */,
				84AE14692DA147020094A792 /* SocketManager.swift in Sources */,
				84EF32DB2DEF1E2E005F3FF6 /* MapButtonsView.swift in Sources */,
				84E5F1BF2DBEA5BE00D41A4F /* Perspective.swift in Sources */,
				84E5F1CD2DCB77E700D41A4F /* ErrorManager.swift in Sources */,
				846AA3F52DDCABBA0000FDFD /* CloseButton.swift in Sources */,
				84AE144B2DA144C20094A792 /* CyberPilotApp.swift in Sources */,
				84E5F1D12DCB787700D41A4F /* ConnectionManager.swift in Sources */,
				8409CC812E03E4F300DA0BFC /* DrawningDeletePoinView.swift in Sources */,
				84E5F1C12DBEA5D600D41A4F /* RoadView.swift in Sources */,
				8454CF892DF17EEB00D8341F /* PointsView.swift in Sources */,
				846AA4012DDCC4FF0000FDFD /* DirectionLabels.swift in Sources */,
				846AA3FF2DDCC49C0000FDFD /* DirectionArrowView.swift in Sources */,
				840634662DD4B071007E0E1F /* RegistrationStructs.swift in Sources */,
				846AA3EA2DD771B30000FDFD /* LineModels.swift in Sources */,
			);
			runOnlyForDeploymentPostprocessing = 0;
		};
/* End PBXSourcesBuildPhase section */

/* Begin XCBuildConfiguration section */
		84AE14582DA144C50094A792 /* Debug */ = {
			isa = XCBuildConfiguration;
			buildSettings = {
				ALWAYS_SEARCH_USER_PATHS = NO;
				ASSETCATALOG_COMPILER_GENERATE_SWIFT_ASSET_SYMBOL_EXTENSIONS = YES;
				CLANG_ANALYZER_NONNULL = YES;
				CLANG_ANALYZER_NUMBER_OBJECT_CONVERSION = YES_AGGRESSIVE;
				CLANG_CXX_LANGUAGE_STANDARD = "gnu++20";
				CLANG_ENABLE_MODULES = YES;
				CLANG_ENABLE_OBJC_ARC = YES;
				CLANG_ENABLE_OBJC_WEAK = YES;
				CLANG_WARN_BLOCK_CAPTURE_AUTORELEASING = YES;
				CLANG_WARN_BOOL_CONVERSION = YES;
				CLANG_WARN_COMMA = YES;
				CLANG_WARN_CONSTANT_CONVERSION = YES;
				CLANG_WARN_DEPRECATED_OBJC_IMPLEMENTATIONS = YES;
				CLANG_WARN_DIRECT_OBJC_ISA_USAGE = YES_ERROR;
				CLANG_WARN_DOCUMENTATION_COMMENTS = YES;
				CLANG_WARN_EMPTY_BODY = YES;
				CLANG_WARN_ENUM_CONVERSION = YES;
				CLANG_WARN_INFINITE_RECURSION = YES;
				CLANG_WARN_INT_CONVERSION = YES;
				CLANG_WARN_NON_LITERAL_NULL_CONVERSION = YES;
				CLANG_WARN_OBJC_IMPLICIT_RETAIN_SELF = YES;
				CLANG_WARN_OBJC_LITERAL_CONVERSION = YES;
				CLANG_WARN_OBJC_ROOT_CLASS = YES_ERROR;
				CLANG_WARN_QUOTED_INCLUDE_IN_FRAMEWORK_HEADER = YES;
				CLANG_WARN_RANGE_LOOP_ANALYSIS = YES;
				CLANG_WARN_STRICT_PROTOTYPES = YES;
				CLANG_WARN_SUSPICIOUS_MOVE = YES;
				CLANG_WARN_UNGUARDED_AVAILABILITY = YES_AGGRESSIVE;
				CLANG_WARN_UNREACHABLE_CODE = YES;
				CLANG_WARN__DUPLICATE_METHOD_MATCH = YES;
				COPY_PHASE_STRIP = NO;
				DEBUG_INFORMATION_FORMAT = dwarf;
				ENABLE_STRICT_OBJC_MSGSEND = YES;
				ENABLE_TESTABILITY = YES;
				ENABLE_USER_SCRIPT_SANDBOXING = NO;
				GCC_C_LANGUAGE_STANDARD = gnu17;
				GCC_DYNAMIC_NO_PIC = NO;
				GCC_NO_COMMON_BLOCKS = YES;
				GCC_OPTIMIZATION_LEVEL = 0;
				GCC_PREPROCESSOR_DEFINITIONS = (
					"DEBUG=1",
					"$(inherited)",
				);
				GCC_WARN_64_TO_32_BIT_CONVERSION = YES;
				GCC_WARN_ABOUT_RETURN_TYPE = YES_ERROR;
				GCC_WARN_UNDECLARED_SELECTOR = YES;
				GCC_WARN_UNINITIALIZED_AUTOS = YES_AGGRESSIVE;
				GCC_WARN_UNUSED_FUNCTION = YES;
				GCC_WARN_UNUSED_VARIABLE = YES;
				IPHONEOS_DEPLOYMENT_TARGET = 17.0;
				LOCALIZATION_PREFERS_STRING_CATALOGS = YES;
				MTL_ENABLE_DEBUG_INFO = INCLUDE_SOURCE;
				MTL_FAST_MATH = YES;
				ONLY_ACTIVE_ARCH = YES;
				SDKROOT = iphoneos;
				SWIFT_ACTIVE_COMPILATION_CONDITIONS = "DEBUG $(inherited)";
				SWIFT_OPTIMIZATION_LEVEL = "-Onone";
			};
			name = Debug;
		};
		84AE14592DA144C50094A792 /* Release */ = {
			isa = XCBuildConfiguration;
			buildSettings = {
				ALWAYS_SEARCH_USER_PATHS = NO;
				ASSETCATALOG_COMPILER_GENERATE_SWIFT_ASSET_SYMBOL_EXTENSIONS = YES;
				CLANG_ANALYZER_NONNULL = YES;
				CLANG_ANALYZER_NUMBER_OBJECT_CONVERSION = YES_AGGRESSIVE;
				CLANG_CXX_LANGUAGE_STANDARD = "gnu++20";
				CLANG_ENABLE_MODULES = YES;
				CLANG_ENABLE_OBJC_ARC = YES;
				CLANG_ENABLE_OBJC_WEAK = YES;
				CLANG_WARN_BLOCK_CAPTURE_AUTORELEASING = YES;
				CLANG_WARN_BOOL_CONVERSION = YES;
				CLANG_WARN_COMMA = YES;
				CLANG_WARN_CONSTANT_CONVERSION = YES;
				CLANG_WARN_DEPRECATED_OBJC_IMPLEMENTATIONS = YES;
				CLANG_WARN_DIRECT_OBJC_ISA_USAGE = YES_ERROR;
				CLANG_WARN_DOCUMENTATION_COMMENTS = YES;
				CLANG_WARN_EMPTY_BODY = YES;
				CLANG_WARN_ENUM_CONVERSION = YES;
				CLANG_WARN_INFINITE_RECURSION = YES;
				CLANG_WARN_INT_CONVERSION = YES;
				CLANG_WARN_NON_LITERAL_NULL_CONVERSION = YES;
				CLANG_WARN_OBJC_IMPLICIT_RETAIN_SELF = YES;
				CLANG_WARN_OBJC_LITERAL_CONVERSION = YES;
				CLANG_WARN_OBJC_ROOT_CLASS = YES_ERROR;
				CLANG_WARN_QUOTED_INCLUDE_IN_FRAMEWORK_HEADER = YES;
				CLANG_WARN_RANGE_LOOP_ANALYSIS = YES;
				CLANG_WARN_STRICT_PROTOTYPES = YES;
				CLANG_WARN_SUSPICIOUS_MOVE = YES;
				CLANG_WARN_UNGUARDED_AVAILABILITY = YES_AGGRESSIVE;
				CLANG_WARN_UNREACHABLE_CODE = YES;
				CLANG_WARN__DUPLICATE_METHOD_MATCH = YES;
				COPY_PHASE_STRIP = NO;
				DEBUG_INFORMATION_FORMAT = "dwarf-with-dsym";
				ENABLE_NS_ASSERTIONS = NO;
				ENABLE_STRICT_OBJC_MSGSEND = YES;
				ENABLE_USER_SCRIPT_SANDBOXING = NO;
				GCC_C_LANGUAGE_STANDARD = gnu17;
				GCC_NO_COMMON_BLOCKS = YES;
				GCC_WARN_64_TO_32_BIT_CONVERSION = YES;
				GCC_WARN_ABOUT_RETURN_TYPE = YES_ERROR;
				GCC_WARN_UNDECLARED_SELECTOR = YES;
				GCC_WARN_UNINITIALIZED_AUTOS = YES_AGGRESSIVE;
				GCC_WARN_UNUSED_FUNCTION = YES;
				GCC_WARN_UNUSED_VARIABLE = YES;
				IPHONEOS_DEPLOYMENT_TARGET = 17.0;
				LOCALIZATION_PREFERS_STRING_CATALOGS = YES;
				MTL_ENABLE_DEBUG_INFO = NO;
				MTL_FAST_MATH = YES;
				SDKROOT = iphoneos;
				SWIFT_COMPILATION_MODE = wholemodule;
				VALIDATE_PRODUCT = YES;
			};
			name = Release;
		};
		84AE145B2DA144C50094A792 /* Debug */ = {
			isa = XCBuildConfiguration;
			baseConfigurationReference = 9420E363036D9FED3EB51496 /* Pods-CyberPilot.debug.xcconfig */;
			buildSettings = {
				ASSETCATALOG_COMPILER_APPICON_NAME = AppIcon;
				ASSETCATALOG_COMPILER_GLOBAL_ACCENT_COLOR_NAME = AccentColor;
				CODE_SIGN_STYLE = Automatic;
				CURRENT_PROJECT_VERSION = 1;
				DEVELOPMENT_ASSET_PATHS = "\"CyberPilot/Preview Content\"";
				DEVELOPMENT_TEAM = BDMG6CSUM5;
				ENABLE_PREVIEWS = YES;
				GENERATE_INFOPLIST_FILE = YES;
				INFOPLIST_FILE = CyberPilot/Info.plist;
				INFOPLIST_KEY_LSApplicationCategoryType = "";
				INFOPLIST_KEY_NSBluetoothAlwaysUsageDescription = "Приложению требуется Bluetooth для подключения к устройствам";
				INFOPLIST_KEY_NSMicrophoneUsageDescription = "Приложению требуется разрешение для голосового управления";
				INFOPLIST_KEY_NSSpeechRecognitionUsageDescription = "Приложению требуется разрешение для распознавания голоса";
				INFOPLIST_KEY_UIApplicationSceneManifest_Generation = YES;
				INFOPLIST_KEY_UIApplicationSupportsIndirectInputEvents = YES;
				INFOPLIST_KEY_UILaunchScreen_Generation = YES;
				INFOPLIST_KEY_UISupportedInterfaceOrientations_iPad = "UIInterfaceOrientationPortrait UIInterfaceOrientationPortraitUpsideDown UIInterfaceOrientationLandscapeLeft UIInterfaceOrientationLandscapeRight";
				INFOPLIST_KEY_UISupportedInterfaceOrientations_iPhone = "UIInterfaceOrientationPortrait UIInterfaceOrientationLandscapeLeft UIInterfaceOrientationLandscapeRight";
				LD_RUNPATH_SEARCH_PATHS = (
					"$(inherited)",
					"@executable_path/Frameworks",
				);
				MARKETING_VERSION = 1.0;
				PRODUCT_BUNDLE_IDENTIFIER = "com.aleksandr-chumakov.CyberPilot";
				PRODUCT_NAME = "$(TARGET_NAME)";
				SWIFT_EMIT_LOC_STRINGS = YES;
				SWIFT_VERSION = 5.0;
				TARGETED_DEVICE_FAMILY = "1,2";
			};
			name = Debug;
		};
		84AE145C2DA144C50094A792 /* Release */ = {
			isa = XCBuildConfiguration;
			baseConfigurationReference = BB04517D95AED5E29A64CF80 /* Pods-CyberPilot.release.xcconfig */;
			buildSettings = {
				ASSETCATALOG_COMPILER_APPICON_NAME = AppIcon;
				ASSETCATALOG_COMPILER_GLOBAL_ACCENT_COLOR_NAME = AccentColor;
				CODE_SIGN_STYLE = Automatic;
				CURRENT_PROJECT_VERSION = 1;
				DEVELOPMENT_ASSET_PATHS = "\"CyberPilot/Preview Content\"";
				DEVELOPMENT_TEAM = BDMG6CSUM5;
				ENABLE_PREVIEWS = YES;
				GENERATE_INFOPLIST_FILE = YES;
				INFOPLIST_FILE = CyberPilot/Info.plist;
				INFOPLIST_KEY_LSApplicationCategoryType = "";
				INFOPLIST_KEY_NSBluetoothAlwaysUsageDescription = "Приложению требуется Bluetooth для подключения к устройствам";
				INFOPLIST_KEY_NSMicrophoneUsageDescription = "Приложению требуется разрешение для голосового управления";
				INFOPLIST_KEY_NSSpeechRecognitionUsageDescription = "Приложению требуется разрешение для распознавания голоса";
				INFOPLIST_KEY_UIApplicationSceneManifest_Generation = YES;
				INFOPLIST_KEY_UIApplicationSupportsIndirectInputEvents = YES;
				INFOPLIST_KEY_UILaunchScreen_Generation = YES;
				INFOPLIST_KEY_UISupportedInterfaceOrientations_iPad = "UIInterfaceOrientationPortrait UIInterfaceOrientationPortraitUpsideDown UIInterfaceOrientationLandscapeLeft UIInterfaceOrientationLandscapeRight";
				INFOPLIST_KEY_UISupportedInterfaceOrientations_iPhone = "UIInterfaceOrientationPortrait UIInterfaceOrientationLandscapeLeft UIInterfaceOrientationLandscapeRight";
				LD_RUNPATH_SEARCH_PATHS = (
					"$(inherited)",
					"@executable_path/Frameworks",
				);
				MARKETING_VERSION = 1.0;
				PRODUCT_BUNDLE_IDENTIFIER = "com.aleksandr-chumakov.CyberPilot";
				PRODUCT_NAME = "$(TARGET_NAME)";
				SWIFT_EMIT_LOC_STRINGS = YES;
				SWIFT_VERSION = 5.0;
				TARGETED_DEVICE_FAMILY = "1,2";
			};
			name = Release;
		};
/* End XCBuildConfiguration section */

/* Begin XCConfigurationList section */
		84AE14422DA144C20094A792 /* Build configuration list for PBXProject "CyberPilot" */ = {
			isa = XCConfigurationList;
			buildConfigurations = (
				84AE14582DA144C50094A792 /* Debug */,
				84AE14592DA144C50094A792 /* Release */,
			);
			defaultConfigurationIsVisible = 0;
			defaultConfigurationName = Release;
		};
		84AE145A2DA144C50094A792 /* Build configuration list for PBXNativeTarget "CyberPilot" */ = {
			isa = XCConfigurationList;
			buildConfigurations = (
				84AE145B2DA144C50094A792 /* Debug */,
				84AE145C2DA144C50094A792 /* Release */,
			);
			defaultConfigurationIsVisible = 0;
			defaultConfigurationName = Release;
		};
/* End XCConfigurationList section */

/* Begin XCRemoteSwiftPackageReference section */
		840634582DD24054007E0E1F /* XCRemoteSwiftPackageReference "Yams" */ = {
			isa = XCRemoteSwiftPackageReference;
			repositoryURL = "https://github.com/jpsim/Yams.git";
			requirement = {
				kind = upToNextMajorVersion;
				minimumVersion = 5.3.1;
			};
		};
/* End XCRemoteSwiftPackageReference section */

/* Begin XCSwiftPackageProductDependency section */
		840634592DD24054007E0E1F /* Yams */ = {
			isa = XCSwiftPackageProductDependency;
			package = 840634582DD24054007E0E1F /* XCRemoteSwiftPackageReference "Yams" */;
			productName = Yams;
		};
/* End XCSwiftPackageProductDependency section */

/* Begin XCVersionGroup section */
		84AE14552DA144C50094A792 /* CyberPilot.xcdatamodeld */ = {
			isa = XCVersionGroup;
			children = (
				84AE14562DA144C50094A792 /* CyberPilot.xcdatamodel */,
			);
			currentVersion = 84AE14562DA144C50094A792 /* CyberPilot.xcdatamodel */;
			path = CyberPilot.xcdatamodeld;
			sourceTree = "<group>";
			versionGroupType = wrapper.xcdatamodel;
		};
/* End XCVersionGroup section */
	};
	rootObject = 84AE143F2DA144C20094A792 /* Project object */;
}
